Microsoft Visual Studio Solution File, Format Version 10.00
# Visual Studio 2008
Project("{8BC9CEB8-8B4A-11D0-8D11-00A0C91BC942}") = "OpenBOR", "OpenBOR360.vcproj", "{005C0895-A3D3-4BFC-8985-0DEAF3CD9149}"
EndProject
Global
	GlobalSection(SolutionConfigurationPlatforms) = preSolution
		Debug|Xbox 360 = Debug|Xbox 360
		Release|Xbox 360 = Release|Xbox 360
	EndGlobalSection
	GlobalSection(ProjectConfigurationPlatforms) = postSolution
		{005C0895-A3D3-4BFC-8985-0DEAF3CD9149}.Debug|Xbox 360.ActiveCfg = Debug|Xbox 360
		{005C0895-A3D3-4BFC-8985-0DEAF3CD9149}.Debug|Xbox 360.Build.0 = Debug|Xbox 360
		{005C0895-A3D3-4BFC-8985-0DEAF3CD9149}.Release|Xbox 360.ActiveCfg = Release|Xbox 360
		{005C0895-A3D3-4BFC-8985-0DEAF3CD9149}.Release|Xbox 360.Build.0 = Release|Xbox 360
	EndGlobalSection
	GlobalSection(SolutionProperties) = preSolution
		HideSolutionNode = FALSE
	EndGlobalSection
EndGlobal
